{
  "name": "raise-a-cat",
  "version": "1.0.0",
  "lockfileVersion": 2,
  "requires": true,
  "packages": {
    "": {
      "name": "raise-a-cat",
      "version": "1.0.0",
      "license": "ISC",
      "dependencies": {
        "@rbxts/flipper": "^2.0.1",
        "@rbxts/roact": "^1.4.2-ts.0",
        "@rbxts/services": "^1.2.0",
        "@rbxts/topbar-plus": "^2.0.9"
      },
      "devDependencies": {
        "@rbxts/compiler-types": "^1.3.3-types.1",
        "@rbxts/types": "^1.0.576",
        "prettier": "^2.6.2",
        "typescript": "^4.6.3"
      }
    },
    "node_modules/@rbxts/compiler-types": {
      "version": "1.3.3-types.1",
      "resolved": "https://registry.npmjs.org/@rbxts/compiler-types/-/compiler-types-1.3.3-types.1.tgz",
      "integrity": "sha512-iWeioe5WziBTnY+FIT7aQ5bimlw81PYZ5d9WO0h1kX3joEigXPQpn2yHGRxzrqIssqQr47Y6fwknklaaQ6IPMQ==",
      "dev": true
    },
    "node_modules/@rbxts/flipper": {
      "version": "2.0.1",
      "resolved": "https://registry.npmjs.org/@rbxts/flipper/-/flipper-2.0.1.tgz",
      "integrity": "sha512-kxb5AZizP05XSmo3waS/QkcfNMD5b6HX4gGwyHOyBow260R5MIT4L/ZUPLvleXXyb9b67X4NVmHoac1tPXOLNA=="
    },
    "node_modules/@rbxts/roact": {
      "version": "1.4.2-ts.0",
      "resolved": "https://registry.npmjs.org/@rbxts/roact/-/roact-1.4.2-ts.0.tgz",
      "integrity": "sha512-IRJ4o0yv7bKmw0RVKi0KVYXmCjQjhnCYqIz1smVuglfxuC1KT6y8ItOJoTnbb8eY+MSf5j/GLV3fIvi2NcPm7w=="
    },
    "node_modules/@rbxts/services": {
      "version": "1.2.0",
      "resolved": "https://registry.npmjs.org/@rbxts/services/-/services-1.2.0.tgz",
      "integrity": "sha512-GEnAGgRz/oFEfBCjr+UChO7D49c/l+Wgr2OHMkURBKbVAqGg7hVQbEs9PUr+9BuVx/8OlsqZ/cvrUYbwAyd60A=="
    },
    "node_modules/@rbxts/topbar-plus": {
      "version": "2.0.9",
      "resolved": "https://registry.npmjs.org/@rbxts/topbar-plus/-/topbar-plus-2.0.9.tgz",
      "integrity": "sha512-SXJZ1VyoqbUKERz99ksAa1DztE/sGRN08wHOUuk046q7/6V9oXTSVTj93iR0USn+G3YpoW6/Ap9+6TSDCuTPyw=="
    },
    "node_modules/@rbxts/types": {
      "version": "1.0.576",
      "resolved": "https://registry.npmjs.org/@rbxts/types/-/types-1.0.576.tgz",
      "integrity": "sha512-ho/Kalofq7p7iv0UJlT+favh5TNzqaoy/bwUj7YGwZcBFvMts8MOr23iJRbGs19nUyan7v0gzBv4bxLCO07tRQ==",
      "dev": true
    },
    "node_modules/prettier": {
      "version": "2.6.2",
      "resolved": "https://registry.npmjs.org/prettier/-/prettier-2.6.2.tgz",
      "integrity": "sha512-PkUpF+qoXTqhOeWL9fu7As8LXsIUZ1WYaJiY/a7McAQzxjk82OF0tibkFXVCDImZtWxbvojFjerkiLb0/q8mew==",
      "dev": true,
      "bin": {
        "prettier": "bin-prettier.js"
      },
      "engines": {
        "node": ">=10.13.0"
      },
      "funding": {
        "url": "https://github.com/prettier/prettier?sponsor=1"
      }
    },
    "node_modules/typescript": {
      "version": "4.6.3",
      "resolved": "https://registry.npmjs.org/typescript/-/typescript-4.6.3.tgz",
      "integrity": "sha512-yNIatDa5iaofVozS/uQJEl3JRWLKKGJKh6Yaiv0GLGSuhpFJe7P3SbHZ8/yjAHRQwKRoA6YZqlfjXWmVzoVSMw==",
      "dev": true,
      "bin": {
        "tsc": "bin/tsc",
        "tsserver": "bin/tsserver"
      },
      "engines": {
        "node": ">=4.2.0"
      }
    }
  },
  "dependencies": {
    "@rbxts/compiler-types": {
      "version": "1.3.3-types.1",
      "resolved": "https://registry.npmjs.org/@rbxts/compiler-types/-/compiler-types-1.3.3-types.1.tgz",
      "integrity": "sha512-iWeioe5WziBTnY+FIT7aQ5bimlw81PYZ5d9WO0h1kX3joEigXPQpn2yHGRxzrqIssqQr47Y6fwknklaaQ6IPMQ==",
      "dev": true
    },
    "@rbxts/flipper": {
      "version": "2.0.1",
      "resolved": "https://registry.npmjs.org/@rbxts/flipper/-/flipper-2.0.1.tgz",
      "integrity": "sha512-kxb5AZizP05XSmo3waS/QkcfNMD5b6HX4gGwyHOyBow260R5MIT4L/ZUPLvleXXyb9b67X4NVmHoac1tPXOLNA=="
    },
    "@rbxts/roact": {
      "version": "1.4.2-ts.0",
      "resolved": "https://registry.npmjs.org/@rbxts/roact/-/roact-1.4.2-ts.0.tgz",
      "integrity": "sha512-IRJ4o0yv7bKmw0RVKi0KVYXmCjQjhnCYqIz1smVuglfxuC1KT6y8ItOJoTnbb8eY+MSf5j/GLV3fIvi2NcPm7w=="
    },
    "@rbxts/services": {
      "version": "1.2.0",
      "resolved": "https://registry.npmjs.org/@rbxts/services/-/services-1.2.0.tgz",
      "integrity": "sha512-GEnAGgRz/oFEfBCjr+UChO7D49c/l+Wgr2OHMkURBKbVAqGg7hVQbEs9PUr+9BuVx/8OlsqZ/cvrUYbwAyd60A=="
    },
    "@rbxts/topbar-plus": {
      "version": "2.0.9",
      "resolved": "https://registry.npmjs.org/@rbxts/topbar-plus/-/topbar-plus-2.0.9.tgz",
      "integrity": "sha512-SXJZ1VyoqbUKERz99ksAa1DztE/sGRN08wHOUuk046q7/6V9oXTSVTj93iR0USn+G3YpoW6/Ap9+6TSDCuTPyw=="
    },
    "@rbxts/types": {
      "version": "1.0.576",
      "resolved": "https://registry.npmjs.org/@rbxts/types/-/types-1.0.576.tgz",
      "integrity": "sha512-ho/Kalofq7p7iv0UJlT+favh5TNzqaoy/bwUj7YGwZcBFvMts8MOr23iJRbGs19nUyan7v0gzBv4bxLCO07tRQ==",
      "dev": true
    },
    "prettier": {
      "version": "2.6.2",
      "resolved": "https://registry.npmjs.org/prettier/-/prettier-2.6.2.tgz",
      "integrity": "sha512-PkUpF+qoXTqhOeWL9fu7As8LXsIUZ1WYaJiY/a7McAQzxjk82OF0tibkFXVCDImZtWxbvojFjerkiLb0/q8mew==",
      "dev": true
    },
    "typescript": {
      "version": "4.6.3",
      "resolved": "https://registry.npmjs.org/typescript/-/typescript-4.6.3.tgz",
      "integrity": "sha512-yNIatDa5iaofVozS/uQJEl3JRWLKKGJKh6Yaiv0GLGSuhpFJe7P3SbHZ8/yjAHRQwKRoA6YZqlfjXWmVzoVSMw==",
      "dev": true
    }
  }
}
